
Microsoft Visual Studio Solution File, Format Version 12.00
# Visual Studio Version 17
VisualStudioVersion = 17.10.34607.79
MinimumVisualStudioVersion = 10.0.40219.1
Project("{9A19103F-16F7-4668-BE54-9A1E7A4F7556}") = "WeatherForecastApiExt", "WeatherForecastApiExt\WeatherForecastApiExt.csproj", "{19E6F6BA-CB2B-48BB-8E2A-E6F9C8CCB2CF}"
EndProject
Project("{9A19103F-16F7-4668-BE54-9A1E7A4F7556}") = "WeatherForecastAdmin", "WeatherForecastAdmin\WeatherForecastAdmin.csproj", "{D278D705-978D-4949-8D29-9E004759431D}"
EndProject
Project("{9A19103F-16F7-4668-BE54-9A1E7A4F7556}") = "WeatherForecastProcessor", "WeatherForecastProcessor\WeatherForecastProcessor.csproj", "{1483F70B-1002-47DF-92A5-CF241200E412}"
EndProject
Project("{9A19103F-16F7-4668-BE54-9A1E7A4F7556}") = "saaldigital.Web", "WeatherForecastUsers\saaldigital.Web.csproj", "{C345194D-26E5-4407-800A-F118C433CCFA}"
EndProject
Global
	GlobalSection(SolutionConfigurationPlatforms) = preSolution
		Debug|Any CPU = Debug|Any CPU
		Release|Any CPU = Release|Any CPU
	EndGlobalSection
	GlobalSection(ProjectConfigurationPlatforms) = postSolution
		{19E6F6BA-CB2B-48BB-8E2A-E6F9C8CCB2CF}.Debug|Any CPU.ActiveCfg = Debug|Any CPU
		{19E6F6BA-CB2B-48BB-8E2A-E6F9C8CCB2CF}.Debug|Any CPU.Build.0 = Debug|Any CPU
		{19E6F6BA-CB2B-48BB-8E2A-E6F9C8CCB2CF}.Release|Any CPU.ActiveCfg = Release|Any CPU
		{19E6F6BA-CB2B-48BB-8E2A-E6F9C8CCB2CF}.Release|Any CPU.Build.0 = Release|Any CPU
		{D278D705-978D-4949-8D29-9E004759431D}.Debug|Any CPU.ActiveCfg = Debug|Any CPU
		{D278D705-978D-4949-8D29-9E004759431D}.Debug|Any CPU.Build.0 = Debug|Any CPU
		{D278D705-978D-4949-8D29-9E004759431D}.Release|Any CPU.ActiveCfg = Release|Any CPU
		{D278D705-978D-4949-8D29-9E004759431D}.Release|Any CPU.Build.0 = Release|Any CPU
		{1483F70B-1002-47DF-92A5-CF241200E412}.Debug|Any CPU.ActiveCfg = Debug|Any CPU
		{1483F70B-1002-47DF-92A5-CF241200E412}.Debug|Any CPU.Build.0 = Debug|Any CPU
		{1483F70B-1002-47DF-92A5-CF241200E412}.Release|Any CPU.ActiveCfg = Release|Any CPU
		{1483F70B-1002-47DF-92A5-CF241200E412}.Release|Any CPU.Build.0 = Release|Any CPU
		{C345194D-26E5-4407-800A-F118C433CCFA}.Debug|Any CPU.ActiveCfg = Debug|Any CPU
		{C345194D-26E5-4407-800A-F118C433CCFA}.Debug|Any CPU.Build.0 = Debug|Any CPU
		{C345194D-26E5-4407-800A-F118C433CCFA}.Release|Any CPU.ActiveCfg = Release|Any CPU
		{C345194D-26E5-4407-800A-F118C433CCFA}.Release|Any CPU.Build.0 = Release|Any CPU
	EndGlobalSection
	GlobalSection(SolutionProperties) = preSolution
		HideSolutionNode = FALSE
	EndGlobalSection
	GlobalSection(ExtensibilityGlobals) = postSolution
		SolutionGuid = {78836DA1-5092-4528-84B0-89C9E2BD10E1}
	EndGlobalSection
EndGlobal
